
Microsoft Visual Studio Solution File, Format Version 12.00
# Visual Studio Version 16
VisualStudioVersion = 16.0.30611.23
MinimumVisualStudioVersion = 10.0.40219.1
Project("{FAE04EC0-301F-11D3-BF4B-00C04F79EFBC}") = "ShoppingCart", "ShoppingCart\ShoppingCart.csproj", "{B0E14F25-C22A-4CED-BFA6-60726AC26CFA}"
EndProject
Project("{2150E333-8FDC-42A3-9474-1A3956D46DE8}") = "Application", "Application", "{AEC100E9-7747-4070-BB85-3F919EC9DB86}"
EndProject
Project("{2150E333-8FDC-42A3-9474-1A3956D46DE8}") = "Data", "Data", "{F16AB573-EBF9-43CB-B817-4F43AB9AA652}"
EndProject
Project("{2150E333-8FDC-42A3-9474-1A3956D46DE8}") = "Domain", "Domain", "{F26D8300-1376-44D8-B3BC-2DD6428D690A}"
EndProject
Project("{2150E333-8FDC-42A3-9474-1A3956D46DE8}") = "IOS", "IOS", "{A3DBDD47-BFF9-4DBB-865E-214A63F3135E}"
EndProject
Project("{2150E333-8FDC-42A3-9474-1A3956D46DE8}") = "Presentation", "Presentation", "{2089C0C7-852E-4A37-A3FC-EC9DB1695EAF}"
EndProject
Project("{FAE04EC0-301F-11D3-BF4B-00C04F79EFBC}") = "ShoppingCart.Application", "ShoppingCart.Application\ShoppingCart.Application.csproj", "{1DEE14E3-CBB5-42C1-A5AC-DCE28EC2CF8F}"
EndProject
Project("{FAE04EC0-301F-11D3-BF4B-00C04F79EFBC}") = "ShoppingCart.Data", "ShoppingCart.Data\ShoppingCart.Data.csproj", "{314C7133-9481-4279-BE30-F488F337CC87}"
EndProject
Project("{FAE04EC0-301F-11D3-BF4B-00C04F79EFBC}") = "ShoppingCart.Domain", "ShoppingCart.Domain\ShoppingCart.Domain.csproj", "{5E964016-7734-49C9-8C55-9D5E3C57A3F2}"
EndProject
Project("{FAE04EC0-301F-11D3-BF4B-00C04F79EFBC}") = "ShoppingCart.IOC", "ShoppingCart.IOC\ShoppingCart.IOC.csproj", "{6F169F89-77F7-4C01-B0CD-A6F2D3800031}"
EndProject
Global
	GlobalSection(SolutionConfigurationPlatforms) = preSolution
		Debug|Any CPU = Debug|Any CPU
		Release|Any CPU = Release|Any CPU
	EndGlobalSection
	GlobalSection(ProjectConfigurationPlatforms) = postSolution
		{B0E14F25-C22A-4CED-BFA6-60726AC26CFA}.Debug|Any CPU.ActiveCfg = Debug|Any CPU
		{B0E14F25-C22A-4CED-BFA6-60726AC26CFA}.Debug|Any CPU.Build.0 = Debug|Any CPU
		{B0E14F25-C22A-4CED-BFA6-60726AC26CFA}.Release|Any CPU.ActiveCfg = Release|Any CPU
		{B0E14F25-C22A-4CED-BFA6-60726AC26CFA}.Release|Any CPU.Build.0 = Release|Any CPU
		{1DEE14E3-CBB5-42C1-A5AC-DCE28EC2CF8F}.Debug|Any CPU.ActiveCfg = Debug|Any CPU
		{1DEE14E3-CBB5-42C1-A5AC-DCE28EC2CF8F}.Debug|Any CPU.Build.0 = Debug|Any CPU
		{1DEE14E3-CBB5-42C1-A5AC-DCE28EC2CF8F}.Release|Any CPU.ActiveCfg = Release|Any CPU
		{1DEE14E3-CBB5-42C1-A5AC-DCE28EC2CF8F}.Release|Any CPU.Build.0 = Release|Any CPU
		{314C7133-9481-4279-BE30-F488F337CC87}.Debug|Any CPU.ActiveCfg = Debug|Any CPU
		{314C7133-9481-4279-BE30-F488F337CC87}.Debug|Any CPU.Build.0 = Debug|Any CPU
		{314C7133-9481-4279-BE30-F488F337CC87}.Release|Any CPU.ActiveCfg = Release|Any CPU
		{314C7133-9481-4279-BE30-F488F337CC87}.Release|Any CPU.Build.0 = Release|Any CPU
		{5E964016-7734-49C9-8C55-9D5E3C57A3F2}.Debug|Any CPU.ActiveCfg = Debug|Any CPU
		{5E964016-7734-49C9-8C55-9D5E3C57A3F2}.Debug|Any CPU.Build.0 = Debug|Any CPU
		{5E964016-7734-49C9-8C55-9D5E3C57A3F2}.Release|Any CPU.ActiveCfg = Release|Any CPU
		{5E964016-7734-49C9-8C55-9D5E3C57A3F2}.Release|Any CPU.Build.0 = Release|Any CPU
		{6F169F89-77F7-4C01-B0CD-A6F2D3800031}.Debug|Any CPU.ActiveCfg = Debug|Any CPU
		{6F169F89-77F7-4C01-B0CD-A6F2D3800031}.Debug|Any CPU.Build.0 = Debug|Any CPU
		{6F169F89-77F7-4C01-B0CD-A6F2D3800031}.Release|Any CPU.ActiveCfg = Release|Any CPU
		{6F169F89-77F7-4C01-B0CD-A6F2D3800031}.Release|Any CPU.Build.0 = Release|Any CPU
	EndGlobalSection
	GlobalSection(SolutionProperties) = preSolution
		HideSolutionNode = FALSE
	EndGlobalSection
	GlobalSection(NestedProjects) = preSolution
		{B0E14F25-C22A-4CED-BFA6-60726AC26CFA} = {2089C0C7-852E-4A37-A3FC-EC9DB1695EAF}
		{1DEE14E3-CBB5-42C1-A5AC-DCE28EC2CF8F} = {AEC100E9-7747-4070-BB85-3F919EC9DB86}
		{314C7133-9481-4279-BE30-F488F337CC87} = {F16AB573-EBF9-43CB-B817-4F43AB9AA652}
		{5E964016-7734-49C9-8C55-9D5E3C57A3F2} = {F26D8300-1376-44D8-B3BC-2DD6428D690A}
		{6F169F89-77F7-4C01-B0CD-A6F2D3800031} = {A3DBDD47-BFF9-4DBB-865E-214A63F3135E}
	EndGlobalSection
	GlobalSection(ExtensibilityGlobals) = postSolution
		SolutionGuid = {175ABE25-E997-4CDB-914D-61DB0D80834C}
	EndGlobalSection
EndGlobal
